// !$*UTF8*$!
{
	archiveVersion = 1;
	classes = {
	};
	objectVersion = 51;
	objects = {

/* Begin PBXBuildFile section */
		E60112DCD86166239BAFEADA /* Pods_Chat.framework in Frameworks */ = {isa = PBXBuildFile; fileRef = 1008331A2117B43FE9C11DAE /* Pods_Chat.framework */; };
		FA182DF326BDE07000C08FB9 /* TableViewCell.xib in Resources */ = {isa = PBXBuildFile; fileRef = FA182DF526BDE07000C08FB9 /* TableViewCell.xib */; };
		FA83E31B26BDD37900C42888 /* TableViewCell.swift in Sources */ = {isa = PBXBuildFile; fileRef = FA83E31926BDD37900C42888 /* TableViewCell.swift */; };
		FABCBD4B26B69E8700D9B7D4 /* AppDelegate.swift in Sources */ = {isa = PBXBuildFile; fileRef = FABCBD4A26B69E8700D9B7D4 /* AppDelegate.swift */; };
		FABCBD4D26B69E8700D9B7D4 /* SceneDelegate.swift in Sources */ = {isa = PBXBuildFile; fileRef = FABCBD4C26B69E8700D9B7D4 /* SceneDelegate.swift */; };
		FABCBD4F26B69E8700D9B7D4 /* StartViewController.swift in Sources */ = {isa = PBXBuildFile; fileRef = FABCBD4E26B69E8700D9B7D4 /* StartViewController.swift */; };
		FABCBD5226B69E8700D9B7D4 /* Main.storyboard in Resources */ = {isa = PBXBuildFile; fileRef = FABCBD5026B69E8700D9B7D4 /* Main.storyboard */; };
		FABCBD5426B69E8C00D9B7D4 /* Assets.xcassets in Resources */ = {isa = PBXBuildFile; fileRef = FABCBD5326B69E8C00D9B7D4 /* Assets.xcassets */; };
		FABCBD5726B69E8C00D9B7D4 /* LaunchScreen.storyboard in Resources */ = {isa = PBXBuildFile; fileRef = FABCBD5526B69E8C00D9B7D4 /* LaunchScreen.storyboard */; };
		FABCBD6026B69EA800D9B7D4 /* README.md in Resources */ = {isa = PBXBuildFile; fileRef = FABCBD5F26B69EA800D9B7D4 /* README.md */; };
		FABCBD6626B69F5500D9B7D4 /* RegisterViewController.swift in Sources */ = {isa = PBXBuildFile; fileRef = FABCBD6526B69F5500D9B7D4 /* RegisterViewController.swift */; };
		FABCBD6A26B69FFC00D9B7D4 /* LoginViewController.swift in Sources */ = {isa = PBXBuildFile; fileRef = FABCBD6926B69FFC00D9B7D4 /* LoginViewController.swift */; };
		FABCBD6D26B6A01800D9B7D4 /* ChatViewController.swift in Sources */ = {isa = PBXBuildFile; fileRef = FABCBD6C26B6A01800D9B7D4 /* ChatViewController.swift */; };
		FAD58BC126B9A23700AFC76C /* GoogleService-Info.plist in Resources */ = {isa = PBXBuildFile; fileRef = FAD58BC026B9A23700AFC76C /* GoogleService-Info.plist */; };
		FAE5796526BC29E300AF2210 /* Constants.swift in Sources */ = {isa = PBXBuildFile; fileRef = FAE5796426BC29E300AF2210 /* Constants.swift */; };
		FAE5796A26BC43F800AF2210 /* Message.swift in Sources */ = {isa = PBXBuildFile; fileRef = FAE5796926BC43F800AF2210 /* Message.swift */; };
/* End PBXBuildFile section */

/* Begin PBXFileReference section */
		1008331A2117B43FE9C11DAE /* Pods_Chat.framework */ = {isa = PBXFileReference; explicitFileType = wrapper.framework; includeInIndex = 0; path = Pods_Chat.framework; sourceTree = BUILT_PRODUCTS_DIR; };
		62DBA7974FE5BB365D47B63E /* Pods-Chat.debug.xcconfig */ = {isa = PBXFileReference; includeInIndex = 1; lastKnownFileType = text.xcconfig; name = "Pods-Chat.debug.xcconfig"; path = "Target Support Files/Pods-Chat/Pods-Chat.debug.xcconfig"; sourceTree = "<group>"; };
		98AFFD5B63AC9D5884890CB4 /* Pods-Chat.release.xcconfig */ = {isa = PBXFileReference; includeInIndex = 1; lastKnownFileType = text.xcconfig; name = "Pods-Chat.release.xcconfig"; path = "Target Support Files/Pods-Chat/Pods-Chat.release.xcconfig"; sourceTree = "<group>"; };
		FA182DF426BDE07000C08FB9 /* Base */ = {isa = PBXFileReference; lastKnownFileType = file.xib; name = Base; path = Base.lproj/TableViewCell.xib; sourceTree = "<group>"; };
		FA83E31926BDD37900C42888 /* TableViewCell.swift */ = {isa = PBXFileReference; lastKnownFileType = sourcecode.swift; path = TableViewCell.swift; sourceTree = "<group>"; };
		FABCBD4726B69E8700D9B7D4 /* Chat.app */ = {isa = PBXFileReference; explicitFileType = wrapper.application; includeInIndex = 0; path = Chat.app; sourceTree = BUILT_PRODUCTS_DIR; };
		FABCBD4A26B69E8700D9B7D4 /* AppDelegate.swift */ = {isa = PBXFileReference; lastKnownFileType = sourcecode.swift; path = AppDelegate.swift; sourceTree = "<group>"; };
		FABCBD4C26B69E8700D9B7D4 /* SceneDelegate.swift */ = {isa = PBXFileReference; lastKnownFileType = sourcecode.swift; path = SceneDelegate.swift; sourceTree = "<group>"; };
		FABCBD4E26B69E8700D9B7D4 /* StartViewController.swift */ = {isa = PBXFileReference; lastKnownFileType = sourcecode.swift; path = StartViewController.swift; sourceTree = "<group>"; };
		FABCBD5126B69E8700D9B7D4 /* Base */ = {isa = PBXFileReference; lastKnownFileType = file.storyboard; name = Base; path = Base.lproj/Main.storyboard; sourceTree = "<group>"; };
		FABCBD5326B69E8C00D9B7D4 /* Assets.xcassets */ = {isa = PBXFileReference; lastKnownFileType = folder.assetcatalog; path = Assets.xcassets; sourceTree = "<group>"; };
		FABCBD5626B69E8C00D9B7D4 /* Base */ = {isa = PBXFileReference; lastKnownFileType = file.storyboard; name = Base; path = Base.lproj/LaunchScreen.storyboard; sourceTree = "<group>"; };
		FABCBD5826B69E8C00D9B7D4 /* Info.plist */ = {isa = PBXFileReference; lastKnownFileType = text.plist.xml; path = Info.plist; sourceTree = "<group>"; };
		FABCBD5F26B69EA800D9B7D4 /* README.md */ = {isa = PBXFileReference; lastKnownFileType = net.daringfireball.markdown; path = README.md; sourceTree = "<group>"; };
		FABCBD6526B69F5500D9B7D4 /* RegisterViewController.swift */ = {isa = PBXFileReference; lastKnownFileType = sourcecode.swift; path = RegisterViewController.swift; sourceTree = "<group>"; };
		FABCBD6926B69FFC00D9B7D4 /* LoginViewController.swift */ = {isa = PBXFileReference; lastKnownFileType = sourcecode.swift; path = LoginViewController.swift; sourceTree = "<group>"; };
		FABCBD6C26B6A01800D9B7D4 /* ChatViewController.swift */ = {isa = PBXFileReference; lastKnownFileType = sourcecode.swift; path = ChatViewController.swift; sourceTree = "<group>"; };
		FAD58BC026B9A23700AFC76C /* GoogleService-Info.plist */ = {isa = PBXFileReference; fileEncoding = 4; lastKnownFileType = text.plist.xml; path = "GoogleService-Info.plist"; sourceTree = "<group>"; };
		FAE5796426BC29E300AF2210 /* Constants.swift */ = {isa = PBXFileReference; lastKnownFileType = sourcecode.swift; path = Constants.swift; sourceTree = "<group>"; };
		FAE5796926BC43F800AF2210 /* Message.swift */ = {isa = PBXFileReference; lastKnownFileType = sourcecode.swift; path = Message.swift; sourceTree = "<group>"; };
/* End PBXFileReference section */

/* Begin PBXFrameworksBuildPhase section */
		FABCBD4426B69E8700D9B7D4 /* Frameworks */ = {
			isa = PBXFrameworksBuildPhase;
			buildActionMask = 2147483647;
			files = (
				E60112DCD86166239BAFEADA /* Pods_Chat.framework in Frameworks */,
			);
			runOnlyForDeploymentPostprocessing = 0;
		};
/* End PBXFrameworksBuildPhase section */

/* Begin PBXGroup section */
		73C871EB46DA95C7AB249233 /* Frameworks */ = {
			isa = PBXGroup;
			children = (
				1008331A2117B43FE9C11DAE /* Pods_Chat.framework */,
			);
			name = Frameworks;
			sourceTree = "<group>";
		};
		9BEEA4E2C6AB2D3EF8A9627D /* Pods */ = {
			isa = PBXGroup;
			children = (
				62DBA7974FE5BB365D47B63E /* Pods-Chat.debug.xcconfig */,
				98AFFD5B63AC9D5884890CB4 /* Pods-Chat.release.xcconfig */,
			);
			path = Pods;
			sourceTree = "<group>";
		};
		FABCBD3E26B69E8700D9B7D4 = {
			isa = PBXGroup;
			children = (
				FABCBD5F26B69EA800D9B7D4 /* README.md */,
				FABCBD4926B69E8700D9B7D4 /* Chat */,
				FABCBD4826B69E8700D9B7D4 /* Products */,
				9BEEA4E2C6AB2D3EF8A9627D /* Pods */,
				73C871EB46DA95C7AB249233 /* Frameworks */,
			);
			sourceTree = "<group>";
		};
		FABCBD4826B69E8700D9B7D4 /* Products */ = {
			isa = PBXGroup;
			children = (
				FABCBD4726B69E8700D9B7D4 /* Chat.app */,
			);
			name = Products;
			sourceTree = "<group>";
		};
		FABCBD4926B69E8700D9B7D4 /* Chat */ = {
			isa = PBXGroup;
			children = (
				FABCBD4A26B69E8700D9B7D4 /* AppDelegate.swift */,
				FABCBD4C26B69E8700D9B7D4 /* SceneDelegate.swift */,
				FAE5796726BC29EF00AF2210 /* Model */,
				FABCBD6226B69EBC00D9B7D4 /* View */,
				FABCBD6326B69ECB00D9B7D4 /* Controller */,
				FABCBD5326B69E8C00D9B7D4 /* Assets.xcassets */,
				FABCBD5526B69E8C00D9B7D4 /* LaunchScreen.storyboard */,
				FABCBD5826B69E8C00D9B7D4 /* Info.plist */,
				FAD58BC026B9A23700AFC76C /* GoogleService-Info.plist */,
			);
			path = Chat;
			sourceTree = "<group>";
		};
		FABCBD6226B69EBC00D9B7D4 /* View */ = {
			isa = PBXGroup;
			children = (
				FABCBD5026B69E8700D9B7D4 /* Main.storyboard */,
				FA83E31926BDD37900C42888 /* TableViewCell.swift */,
				FA182DF526BDE07000C08FB9 /* TableViewCell.xib */,
			);
			path = View;
			sourceTree = "<group>";
		};
		FABCBD6326B69ECB00D9B7D4 /* Controller */ = {
			isa = PBXGroup;
			children = (
				FABCBD4E26B69E8700D9B7D4 /* StartViewController.swift */,
				FABCBD6526B69F5500D9B7D4 /* RegisterViewController.swift */,
				FABCBD6926B69FFC00D9B7D4 /* LoginViewController.swift */,
				FABCBD6C26B6A01800D9B7D4 /* ChatViewController.swift */,
			);
			path = Controller;
			sourceTree = "<group>";
		};
		FAE5796726BC29EF00AF2210 /* Model */ = {
			isa = PBXGroup;
			children = (
				FAE5796426BC29E300AF2210 /* Constants.swift */,
				FAE5796926BC43F800AF2210 /* Message.swift */,
			);
			path = Model;
			sourceTree = "<group>";
		};
/* End PBXGroup section */

/* Begin PBXNativeTarget section */
		FABCBD4626B69E8700D9B7D4 /* Chat */ = {
			isa = PBXNativeTarget;
			buildConfigurationList = FABCBD5B26B69E8C00D9B7D4 /* Build configuration list for PBXNativeTarget "Chat" */;
			buildPhases = (
				CC1AC7C4D99FAAC0DB723307 /* [CP] Check Pods Manifest.lock */,
				FABCBD4326B69E8700D9B7D4 /* Sources */,
				FABCBD4426B69E8700D9B7D4 /* Frameworks */,
				FABCBD4526B69E8700D9B7D4 /* Resources */,
				83FD9DD840389C49FE183C19 /* [CP] Embed Pods Frameworks */,
			);
			buildRules = (
			);
			dependencies = (
			);
			name = Chat;
			productName = Chat;
			productReference = FABCBD4726B69E8700D9B7D4 /* Chat.app */;
			productType = "com.apple.product-type.application";
		};
/* End PBXNativeTarget section */

/* Begin PBXProject section */
		FABCBD3F26B69E8700D9B7D4 /* Project object */ = {
			isa = PBXProject;
			attributes = {
				LastSwiftUpdateCheck = 1240;
				LastUpgradeCheck = 1240;
				TargetAttributes = {
					FABCBD4626B69E8700D9B7D4 = {
						CreatedOnToolsVersion = 12.4;
					};
				};
			};
			buildConfigurationList = FABCBD4226B69E8700D9B7D4 /* Build configuration list for PBXProject "Chat" */;
			compatibilityVersion = "Xcode 9.3";
			developmentRegion = en;
			hasScannedForEncodings = 0;
			knownRegions = (
				en,
				Base,
			);
			mainGroup = FABCBD3E26B69E8700D9B7D4;
			productRefGroup = FABCBD4826B69E8700D9B7D4 /* Products */;
			projectDirPath = "";
			projectRoot = "";
			targets = (
				FABCBD4626B69E8700D9B7D4 /* Chat */,
			);
		};
/* End PBXProject section */

/* Begin PBXResourcesBuildPhase section */
		FABCBD4526B69E8700D9B7D4 /* Resources */ = {
			isa = PBXResourcesBuildPhase;
			buildActionMask = 2147483647;
			files = (
				FABCBD5726B69E8C00D9B7D4 /* LaunchScreen.storyboard in Resources */,
				FA182DF326BDE07000C08FB9 /* TableViewCell.xib in Resources */,
				FABCBD5426B69E8C00D9B7D4 /* Assets.xcassets in Resources */,
				FAD58BC126B9A23700AFC76C /* GoogleService-Info.plist in Resources */,
				FABCBD6026B69EA800D9B7D4 /* README.md in Resources */,
				FABCBD5226B69E8700D9B7D4 /* Main.storyboard in Resources */,
			);
			runOnlyForDeploymentPostprocessing = 0;
		};
/* End PBXResourcesBuildPhase section */

/* Begin PBXShellScriptBuildPhase section */
		83FD9DD840389C49FE183C19 /* [CP] Embed Pods Frameworks */ = {
			isa = PBXShellScriptBuildPhase;
			buildActionMask = 2147483647;
			files = (
			);
			inputFileListPaths = (
				"${PODS_ROOT}/Target Support Files/Pods-Chat/Pods-Chat-frameworks-${CONFIGURATION}-input-files.xcfilelist",
			);
			name = "[CP] Embed Pods Frameworks";
			outputFileListPaths = (
				"${PODS_ROOT}/Target Support Files/Pods-Chat/Pods-Chat-frameworks-${CONFIGURATION}-output-files.xcfilelist",
			);
			runOnlyForDeploymentPostprocessing = 0;
			shellPath = /bin/sh;
			shellScript = "\"${PODS_ROOT}/Target Support Files/Pods-Chat/Pods-Chat-frameworks.sh\"\n";
			showEnvVarsInLog = 0;
		};
		CC1AC7C4D99FAAC0DB723307 /* [CP] Check Pods Manifest.lock */ = {
			isa = PBXShellScriptBuildPhase;
			buildActionMask = 2147483647;
			files = (
			);
			inputFileListPaths = (
			);
			inputPaths = (
				"${PODS_PODFILE_DIR_PATH}/Podfile.lock",
				"${PODS_ROOT}/Manifest.lock",
			);
			name = "[CP] Check Pods Manifest.lock";
			outputFileListPaths = (
			);
			outputPaths = (
				"$(DERIVED_FILE_DIR)/Pods-Chat-checkManifestLockResult.txt",
			);
			runOnlyForDeploymentPostprocessing = 0;
			shellPath = /bin/sh;
			shellScript = "diff \"${PODS_PODFILE_DIR_PATH}/Podfile.lock\" \"${PODS_ROOT}/Manifest.lock\" > /dev/null\nif [ $? != 0 ] ; then\n    # print error to STDERR\n    echo \"error: The sandbox is not in sync with the Podfile.lock. Run 'pod install' or update your CocoaPods installation.\" >&2\n    exit 1\nfi\n# This output is used by Xcode 'outputs' to avoid re-running this script phase.\necho \"SUCCESS\" > \"${SCRIPT_OUTPUT_FILE_0}\"\n";
			showEnvVarsInLog = 0;
		};
/* End PBXShellScriptBuildPhase section */

/* Begin PBXSourcesBuildPhase section */
		FABCBD4326B69E8700D9B7D4 /* Sources */ = {
			isa = PBXSourcesBuildPhase;
			buildActionMask = 2147483647;
			files = (
				FABCBD4F26B69E8700D9B7D4 /* StartViewController.swift in Sources */,
				FABCBD4B26B69E8700D9B7D4 /* AppDelegate.swift in Sources */,
				FABCBD4D26B69E8700D9B7D4 /* SceneDelegate.swift in Sources */,
				FABCBD6A26B69FFC00D9B7D4 /* LoginViewController.swift in Sources */,
				FAE5796526BC29E300AF2210 /* Constants.swift in Sources */,
				FA83E31B26BDD37900C42888 /* TableViewCell.swift in Sources */,
				FAE5796A26BC43F800AF2210 /* Message.swift in Sources */,
				FABCBD6D26B6A01800D9B7D4 /* ChatViewController.swift in Sources */,
				FABCBD6626B69F5500D9B7D4 /* RegisterViewController.swift in Sources */,
			);
			runOnlyForDeploymentPostprocessing = 0;
		};
/* End PBXSourcesBuildPhase section */

/* Begin PBXVariantGroup section */
		FA182DF526BDE07000C08FB9 /* TableViewCell.xib */ = {
			isa = PBXVariantGroup;
			children = (
				FA182DF426BDE07000C08FB9 /* Base */,
			);
			name = TableViewCell.xib;
			sourceTree = "<group>";
		};
		FABCBD5026B69E8700D9B7D4 /* Main.storyboard */ = {
			isa = PBXVariantGroup;
			children = (
				FABCBD5126B69E8700D9B7D4 /* Base */,
			);
			name = Main.storyboard;
			sourceTree = "<group>";
			usesTabs = 0;
		};
		FABCBD5526B69E8C00D9B7D4 /* LaunchScreen.storyboard */ = {
			isa = PBXVariantGroup;
			children = (
				FABCBD5626B69E8C00D9B7D4 /* Base */,
			);
			name = LaunchScreen.storyboard;
			sourceTree = "<group>";
		};
/* End PBXVariantGroup section */

/* Begin XCBuildConfiguration section */
		FABCBD5926B69E8C00D9B7D4 /* Debug */ = {
			isa = XCBuildConfiguration;
			buildSettings = {
				ALWAYS_SEARCH_USER_PATHS = NO;
				CLANG_ANALYZER_NONNULL = YES;
				CLANG_ANALYZER_NUMBER_OBJECT_CONVERSION = YES_AGGRESSIVE;
				CLANG_CXX_LANGUAGE_STANDARD = "gnu++14";
				CLANG_CXX_LIBRARY = "libc++";
				CLANG_ENABLE_MODULES = YES;
				CLANG_ENABLE_OBJC_ARC = YES;
				CLANG_ENABLE_OBJC_WEAK = YES;
				CLANG_WARN_BLOCK_CAPTURE_AUTORELEASING = YES;
				CLANG_WARN_BOOL_CONVERSION = YES;
				CLANG_WARN_COMMA = YES;
				CLANG_WARN_CONSTANT_CONVERSION = YES;
				CLANG_WARN_DEPRECATED_OBJC_IMPLEMENTATIONS = YES;
				CLANG_WARN_DIRECT_OBJC_ISA_USAGE = YES_ERROR;
				CLANG_WARN_DOCUMENTATION_COMMENTS = YES;
				CLANG_WARN_EMPTY_BODY = YES;
				CLANG_WARN_ENUM_CONVERSION = YES;
				CLANG_WARN_INFINITE_RECURSION = YES;
				CLANG_WARN_INT_CONVERSION = YES;
				CLANG_WARN_NON_LITERAL_NULL_CONVERSION = YES;
				CLANG_WARN_OBJC_IMPLICIT_RETAIN_SELF = YES;
				CLANG_WARN_OBJC_LITERAL_CONVERSION = YES;
				CLANG_WARN_OBJC_ROOT_CLASS = YES_ERROR;
				CLANG_WARN_QUOTED_INCLUDE_IN_FRAMEWORK_HEADER = YES;
				CLANG_WARN_RANGE_LOOP_ANALYSIS = YES;
				CLANG_WARN_STRICT_PROTOTYPES = YES;
				CLANG_WARN_SUSPICIOUS_MOVE = YES;
				CLANG_WARN_UNGUARDED_AVAILABILITY = YES_AGGRESSIVE;
				CLANG_WARN_UNREACHABLE_CODE = YES;
				CLANG_WARN__DUPLICATE_METHOD_MATCH = YES;
				COPY_PHASE_STRIP = NO;
				DEBUG_INFORMATION_FORMAT = dwarf;
				ENABLE_STRICT_OBJC_MSGSEND = YES;
				ENABLE_TESTABILITY = YES;
				GCC_C_LANGUAGE_STANDARD = gnu11;
				GCC_DYNAMIC_NO_PIC = NO;
				GCC_NO_COMMON_BLOCKS = YES;
				GCC_OPTIMIZATION_LEVEL = 0;
				GCC_PREPROCESSOR_DEFINITIONS = (
					"DEBUG=1",
					"$(inherited)",
				);
				GCC_WARN_64_TO_32_BIT_CONVERSION = YES;
				GCC_WARN_ABOUT_RETURN_TYPE = YES_ERROR;
				GCC_WARN_UNDECLARED_SELECTOR = YES;
				GCC_WARN_UNINITIALIZED_AUTOS = YES_AGGRESSIVE;
				GCC_WARN_UNUSED_FUNCTION = YES;
				GCC_WARN_UNUSED_VARIABLE = YES;
				IPHONEOS_DEPLOYMENT_TARGET = 14.4;
				MTL_ENABLE_DEBUG_INFO = INCLUDE_SOURCE;
				MTL_FAST_MATH = YES;
				ONLY_ACTIVE_ARCH = YES;
				SDKROOT = iphoneos;
				SWIFT_ACTIVE_COMPILATION_CONDITIONS = DEBUG;
				SWIFT_OPTIMIZATION_LEVEL = "-Onone";
			};
			name = Debug;
		};
		FABCBD5A26B69E8C00D9B7D4 /* Release */ = {
			isa = XCBuildConfiguration;
			buildSettings = {
				ALWAYS_SEARCH_USER_PATHS = NO;
				CLANG_ANALYZER_NONNULL = YES;
				CLANG_ANALYZER_NUMBER_OBJECT_CONVERSION = YES_AGGRESSIVE;
				CLANG_CXX_LANGUAGE_STANDARD = "gnu++14";
				CLANG_CXX_LIBRARY = "libc++";
				CLANG_ENABLE_MODULES = YES;
				CLANG_ENABLE_OBJC_ARC = YES;
				CLANG_ENABLE_OBJC_WEAK = YES;
				CLANG_WARN_BLOCK_CAPTURE_AUTORELEASING = YES;
				CLANG_WARN_BOOL_CONVERSION = YES;
				CLANG_WARN_COMMA = YES;
				CLANG_WARN_CONSTANT_CONVERSION = YES;
				CLANG_WARN_DEPRECATED_OBJC_IMPLEMENTATIONS = YES;
				CLANG_WARN_DIRECT_OBJC_ISA_USAGE = YES_ERROR;
				CLANG_WARN_DOCUMENTATION_COMMENTS = YES;
				CLANG_WARN_EMPTY_BODY = YES;
				CLANG_WARN_ENUM_CONVERSION = YES;
				CLANG_WARN_INFINITE_RECURSION = YES;
				CLANG_WARN_INT_CONVERSION = YES;
				CLANG_WARN_NON_LITERAL_NULL_CONVERSION = YES;
				CLANG_WARN_OBJC_IMPLICIT_RETAIN_SELF = YES;
				CLANG_WARN_OBJC_LITERAL_CONVERSION = YES;
				CLANG_WARN_OBJC_ROOT_CLASS = YES_ERROR;
				CLANG_WARN_QUOTED_INCLUDE_IN_FRAMEWORK_HEADER = YES;
				CLANG_WARN_RANGE_LOOP_ANALYSIS = YES;
				CLANG_WARN_STRICT_PROTOTYPES = YES;
				CLANG_WARN_SUSPICIOUS_MOVE = YES;
				CLANG_WARN_UNGUARDED_AVAILABILITY = YES_AGGRESSIVE;
				CLANG_WARN_UNREACHABLE_CODE = YES;
				CLANG_WARN__DUPLICATE_METHOD_MATCH = YES;
				COPY_PHASE_STRIP = NO;
				DEBUG_INFORMATION_FORMAT = "dwarf-with-dsym";
				ENABLE_NS_ASSERTIONS = NO;
				ENABLE_STRICT_OBJC_MSGSEND = YES;
				GCC_C_LANGUAGE_STANDARD = gnu11;
				GCC_NO_COMMON_BLOCKS = YES;
				GCC_WARN_64_TO_32_BIT_CONVERSION = YES;
				GCC_WARN_ABOUT_RETURN_TYPE = YES_ERROR;
				GCC_WARN_UNDECLARED_SELECTOR = YES;
				GCC_WARN_UNINITIALIZED_AUTOS = YES_AGGRESSIVE;
				GCC_WARN_UNUSED_FUNCTION = YES;
				GCC_WARN_UNUSED_VARIABLE = YES;
				IPHONEOS_DEPLOYMENT_TARGET = 14.4;
				MTL_ENABLE_DEBUG_INFO = NO;
				MTL_FAST_MATH = YES;
				SDKROOT = iphoneos;
				SWIFT_COMPILATION_MODE = wholemodule;
				SWIFT_OPTIMIZATION_LEVEL = "-O";
				VALIDATE_PRODUCT = YES;
			};
			name = Release;
		};
		FABCBD5C26B69E8C00D9B7D4 /* Debug */ = {
			isa = XCBuildConfiguration;
			baseConfigurationReference = 62DBA7974FE5BB365D47B63E /* Pods-Chat.debug.xcconfig */;
			buildSettings = {
				ASSETCATALOG_COMPILER_APPICON_NAME = AppIcon;
				ASSETCATALOG_COMPILER_GLOBAL_ACCENT_COLOR_NAME = AccentColor;
				CODE_SIGN_STYLE = Automatic;
				DEVELOPMENT_TEAM = K33FXWL25N;
				INFOPLIST_FILE = Chat/Info.plist;
				LD_RUNPATH_SEARCH_PATHS = (
					"$(inherited)",
					"@executable_path/Frameworks",
				);
				PRODUCT_BUNDLE_IDENTIFIER = co.AOS.Chat;
				PRODUCT_NAME = "$(TARGET_NAME)";
				SWIFT_VERSION = 5.0;
				TARGETED_DEVICE_FAMILY = "1,2";
			};
			name = Debug;
		};
		FABCBD5D26B69E8C00D9B7D4 /* Release */ = {
			isa = XCBuildConfiguration;
			baseConfigurationReference = 98AFFD5B63AC9D5884890CB4 /* Pods-Chat.release.xcconfig */;
			buildSettings = {
				ASSETCATALOG_COMPILER_APPICON_NAME = AppIcon;
				ASSETCATALOG_COMPILER_GLOBAL_ACCENT_COLOR_NAME = AccentColor;
				CODE_SIGN_STYLE = Automatic;
				DEVELOPMENT_TEAM = K33FXWL25N;
				INFOPLIST_FILE = Chat/Info.plist;
				LD_RUNPATH_SEARCH_PATHS = (
					"$(inherited)",
					"@executable_path/Frameworks",
				);
				PRODUCT_BUNDLE_IDENTIFIER = co.AOS.Chat;
				PRODUCT_NAME = "$(TARGET_NAME)";
				SWIFT_VERSION = 5.0;
				TARGETED_DEVICE_FAMILY = "1,2";
			};
			name = Release;
		};
/* End XCBuildConfiguration section */

/* Begin XCConfigurationList section */
		FABCBD4226B69E8700D9B7D4 /* Build configuration list for PBXProject "Chat" */ = {
			isa = XCConfigurationList;
			buildConfigurations = (
				FABCBD5926B69E8C00D9B7D4 /* Debug */,
				FABCBD5A26B69E8C00D9B7D4 /* Release */,
			);
			defaultConfigurationIsVisible = 0;
			defaultConfigurationName = Release;
		};
		FABCBD5B26B69E8C00D9B7D4 /* Build configuration list for PBXNativeTarget "Chat" */ = {
			isa = XCConfigurationList;
			buildConfigurations = (
				FABCBD5C26B69E8C00D9B7D4 /* Debug */,
				FABCBD5D26B69E8C00D9B7D4 /* Release */,
			);
			defaultConfigurationIsVisible = 0;
			defaultConfigurationName = Release;
		};
/* End XCConfigurationList section */
	};
	rootObject = FABCBD3F26B69E8700D9B7D4 /* Project object */;
}
